<?xml version="1.0" encoding="utf-8"?>
<Project ToolsVersion="4.0" xmlns="http://schemas.microsoft.com/developer/msbuild/2003">
  <ItemGroup>
    <Filter Include="Source Files">
      <UniqueIdentifier>{4FC737F1-C7A5-4376-A066-2A32D752A2FF}</UniqueIdentifier>
      <Extensions>cpp;c;cc;cxx;c++;cppm;ixx;def;odl;idl;hpj;bat;asm;asmx</Extensions>
    </Filter>
    <Filter Include="Header Files">
      <UniqueIdentifier>{93995380-89BD-4b04-88EB-625FBE52EBFB}</UniqueIdentifier>
      <Extensions>h;hh;hpp;hxx;h++;hm;inl;inc;ipp;xsd</Extensions>
    </Filter>
    <Filter Include="Resource Files">
      <UniqueIdentifier>{67DA6AB6-F800-4c08-8B7A-83BB121AAD01}</UniqueIdentifier>
      <Extensions>rc;ico;cur;bmp;dlg;rc2;rct;bin;rgs;gif;jpg;jpeg;jpe;resx;tiff;tif;png;wav;mfcribbon-ms</Extensions>
    </Filter>
    <Filter Include="Header Files\layout">
      <UniqueIdentifier>{b44dea40-5dbc-4c70-9b0b-3dd40f8578a1}</UniqueIdentifier>
    </Filter>
    <Filter Include="Header Files\generator">
      <UniqueIdentifier>{79e93819-3d35-40ce-a4a4-def5ccbbb040}</UniqueIdentifier>
    </Filter>
    <Filter Include="Header Files\model">
      <UniqueIdentifier>{94818a8c-a90b-41ab-8d3c-8c43dc91ae93}</UniqueIdentifier>
    </Filter>
  </ItemGroup>
  <ItemGroup>
    <ClInclude Include="dijkstra.h">
      <Filter>Header Files\layout</Filter>
    </ClInclude>
    <ClInclude Include="grid.h">
      <Filter>Header Files\layout</Filter>
    </ClInclude>
    <ClInclude Include="gridCell.h">
      <Filter>Header Files\layout</Filter>
    </ClInclude>
    <ClInclude Include="gridDefinitions.h">
      <Filter>Header Files\layout</Filter>
    </ClInclude>
    <ClInclude Include="gridLocator.h">
      <Filter>Header Files\layout</Filter>
    </ClInclude>
    <ClInclude Include="gridLocatorEdge.h">
      <Filter>Header Files\layout</Filter>
    </ClInclude>
    <ClInclude Include="gridMethods.h">
      <Filter>Header Files\layout</Filter>
    </ClInclude>
    <ClInclude Include="gridRect.h">
      <Filter>Header Files\layout</Filter>
    </ClInclude>
    <ClInclude Include="gridRegion.h">
      <Filter>Header Files\layout</Filter>
    </ClInclude>
    <ClInclude Include="gridRegionConstructor.h">
      <Filter>Header Files\layout</Filter>
    </ClInclude>
    <ClInclude Include="gridRegionExtension.h">
      <Filter>Header Files\layout</Filter>
    </ClInclude>
    <ClInclude Include="gridRegionLocator.h">
      <Filter>Header Files\layout</Filter>
    </ClInclude>
    <ClInclude Include="rectanglePackingAlgorithm.h">
      <Filter>Header Files\layout</Filter>
    </ClInclude>
    <ClInclude Include="terrainGenerator.h">
      <Filter>Header Files\generator</Filter>
    </ClInclude>
    <ClInclude Include="roomGenerator.h">
      <Filter>Header Files\generator</Filter>
    </ClInclude>
    <ClInclude Include="randomGenerator.h">
      <Filter>Header Files\generator</Filter>
    </ClInclude>
    <ClInclude Include="perlinNoiseGenerator.h">
      <Filter>Header Files\generator</Filter>
    </ClInclude>
    <ClInclude Include="noiseGenerator.h">
      <Filter>Header Files\generator</Filter>
    </ClInclude>
    <ClInclude Include="mazeGenerator.h">
      <Filter>Header Files\generator</Filter>
    </ClInclude>
    <ClInclude Include="layoutGenerator.h">
      <Filter>Header Files\generator</Filter>
    </ClInclude>
    <ClInclude Include="gameGenerator.h">
      <Filter>Header Files\generator</Filter>
    </ClInclude>
    <ClInclude Include="cellularAutomataParameters.h">
      <Filter>Header Files\generator</Filter>
    </ClInclude>
    <ClInclude Include="cellularAutomataGenerator.h">
      <Filter>Header Files\generator</Filter>
    </ClInclude>
    <ClInclude Include="contentGenerator.h">
      <Filter>Header Files\generator</Filter>
    </ClInclude>
    <ClInclude Include="brogueContentGrid.h">
      <Filter>Header Files\model</Filter>
    </ClInclude>
    <ClInclude Include="brogueDesignRect.h">
      <Filter>Header Files\model</Filter>
    </ClInclude>
    <ClInclude Include="brogueLayout.h">
      <Filter>Header Files\model</Filter>
    </ClInclude>
    <ClInclude Include="brogueLevel.h">
      <Filter>Header Files\model</Filter>
    </ClInclude>
    <ClInclude Include="brogueRoom.h">
      <Filter>Header Files\model</Filter>
    </ClInclude>
    <ClInclude Include="layoutCoordinateConverter.h">
      <Filter>Header Files\layout</Filter>
    </ClInclude>
    <ClInclude Include="brogueCell.h">
      <Filter>Header Files\model</Filter>
    </ClInclude>
    <ClInclude Include="brogueCellDisplay.h">
      <Filter>Header Files\model</Filter>
    </ClInclude>
    <ClInclude Include="brogueRememberedCell.h">
      <Filter>Header Files\model</Filter>
    </ClInclude>
    <ClInclude Include="brogueGame.h">
      <Filter>Header Files\model</Filter>
    </ClInclude>
    <ClInclude Include="brogueGlyphMap.h">
      <Filter>Header Files\model</Filter>
    </ClInclude>
    <ClInclude Include="gridRegionCollection.h">
      <Filter>Header Files\layout</Filter>
    </ClInclude>
    <ClInclude Include="gridLayer.h">
      <Filter>Header Files\layout</Filter>
    </ClInclude>
    <ClInclude Include="gridConnectionLayer.h">
      <Filter>Header Files\layout</Filter>
    </ClInclude>
    <ClInclude Include="regionOutlineGenerator.h">
      <Filter>Header Files\generator</Filter>
    </ClInclude>
    <ClInclude Include="regionOutlineGrid.h">
      <Filter>Header Files\generator</Filter>
    </ClInclude>
    <ClInclude Include="gridCellOutline.h">
      <Filter>Header Files\layout</Filter>
    </ClInclude>
    <ClInclude Include="gridCellOutlineSegment.h">
      <Filter>Header Files\layout</Filter>
    </ClInclude>
    <ClInclude Include="gridCellOutlineSegmentHorizontalComparer.h">
      <Filter>Header Files\layout</Filter>
    </ClInclude>
    <ClInclude Include="gridCellOutlineSegmentVerticalComparer.h">
      <Filter>Header Files\layout</Filter>
    </ClInclude>
    <ClInclude Include="gridRegionOutline.h">
      <Filter>Header Files\layout</Filter>
    </ClInclude>
  </ItemGroup>
  <ItemGroup>
    <ClCompile Include="gridRect.cpp">
      <Filter>Source Files</Filter>
    </ClCompile>
  </ItemGroup>
</Project>