<?xml version="1.0" encoding="utf-8"?>
<Project ToolsVersion="4.0" xmlns="http://schemas.microsoft.com/developer/msbuild/2003">
  <ItemGroup>
    <Filter Include="Source Files">
      <UniqueIdentifier>{4FC737F1-C7A5-4376-A066-2A32D752A2FF}</UniqueIdentifier>
      <Extensions>cpp;c;cc;cxx;c++;cppm;ixx;def;odl;idl;hpj;bat;asm;asmx</Extensions>
    </Filter>
    <Filter Include="Header Files">
      <UniqueIdentifier>{93995380-89BD-4b04-88EB-625FBE52EBFB}</UniqueIdentifier>
      <Extensions>h;hh;hpp;hxx;h++;hm;inl;inc;ipp;xsd</Extensions>
    </Filter>
    <Filter Include="Resource Files">
      <UniqueIdentifier>{67DA6AB6-F800-4c08-8B7A-83BB121AAD01}</UniqueIdentifier>
      <Extensions>rc;ico;cur;bmp;dlg;rc2;rct;bin;rgs;gif;jpg;jpeg;jpe;resx;tiff;tif;png;wav;mfcribbon-ms</Extensions>
    </Filter>
    <Filter Include="Header Files\math">
      <UniqueIdentifier>{0fb58390-19f6-49f8-b5c9-e0cc3fb386f1}</UniqueIdentifier>
    </Filter>
    <Filter Include="Source Files\math">
      <UniqueIdentifier>{fc5823ed-b9e9-4d10-b264-0bda1fd9c9d9}</UniqueIdentifier>
    </Filter>
    <Filter Include="Header Files\grid">
      <UniqueIdentifier>{e15cb3e9-98e8-450b-9bae-1b6da5516c2e}</UniqueIdentifier>
    </Filter>
    <Filter Include="Source Files\grid">
      <UniqueIdentifier>{3beb66e8-8a3b-4259-bd99-a5bbcd890c18}</UniqueIdentifier>
    </Filter>
    <Filter Include="Header Files\graph">
      <UniqueIdentifier>{f0d33a7e-f8dd-4ccb-971c-90fd57c20132}</UniqueIdentifier>
    </Filter>
    <Filter Include="Source Files\graph">
      <UniqueIdentifier>{e2eef2c7-fd4f-4c71-9b8a-894dd0f8e2b4}</UniqueIdentifier>
    </Filter>
    <Filter Include="Header Files\global">
      <UniqueIdentifier>{04f477f8-45a9-40ad-91e8-457b3ba8a88d}</UniqueIdentifier>
    </Filter>
  </ItemGroup>
  <ItemGroup>
    <ClInclude Include="simple.h">
      <Filter>Header Files</Filter>
    </ClInclude>
    <ClInclude Include="simpleArray.h">
      <Filter>Header Files</Filter>
    </ClInclude>
    <ClInclude Include="simpleBST.h">
      <Filter>Header Files</Filter>
    </ClInclude>
    <ClInclude Include="simpleHash.h">
      <Filter>Header Files</Filter>
    </ClInclude>
    <ClInclude Include="simpleList.h">
      <Filter>Header Files</Filter>
    </ClInclude>
    <ClInclude Include="stringExtension.h">
      <Filter>Header Files</Filter>
    </ClInclude>
    <ClInclude Include="typeConverter.h">
      <Filter>Header Files</Filter>
    </ClInclude>
    <ClInclude Include="brogueMath.h">
      <Filter>Header Files\math</Filter>
    </ClInclude>
    <ClInclude Include="delaunayAlgorithm.h">
      <Filter>Header Files\graph</Filter>
    </ClInclude>
    <ClInclude Include="dijkstra.h">
      <Filter>Header Files\graph</Filter>
    </ClInclude>
    <ClInclude Include="graph.h">
      <Filter>Header Files\graph</Filter>
    </ClInclude>
    <ClInclude Include="graphAlgorithm.h">
      <Filter>Header Files\graph</Filter>
    </ClInclude>
    <ClInclude Include="graphDefinitions.h">
      <Filter>Header Files\graph</Filter>
    </ClInclude>
    <ClInclude Include="graphEdge.h">
      <Filter>Header Files\graph</Filter>
    </ClInclude>
    <ClInclude Include="graphEdgeCollection.h">
      <Filter>Header Files\graph</Filter>
    </ClInclude>
    <ClInclude Include="graphNode.h">
      <Filter>Header Files\graph</Filter>
    </ClInclude>
    <ClInclude Include="grid.h">
      <Filter>Header Files\grid</Filter>
    </ClInclude>
    <ClInclude Include="gridDefinitions.h">
      <Filter>Header Files\grid</Filter>
    </ClInclude>
    <ClInclude Include="gridRect.h">
      <Filter>Header Files\grid</Filter>
    </ClInclude>
    <ClInclude Include="gridRegion.h">
      <Filter>Header Files\grid</Filter>
    </ClInclude>
    <ClInclude Include="gridLocatorEdge.h">
      <Filter>Header Files\graph</Filter>
    </ClInclude>
    <ClInclude Include="gridLocator.h">
      <Filter>Header Files\graph</Filter>
    </ClInclude>
    <ClInclude Include="mathPoint.h">
      <Filter>Header Files\math</Filter>
    </ClInclude>
    <ClInclude Include="mathVector.h">
      <Filter>Header Files\math</Filter>
    </ClInclude>
    <ClInclude Include="randomRange.h">
      <Filter>Header Files\math</Filter>
    </ClInclude>
    <ClInclude Include="primsAlgorithm.h">
      <Filter>Header Files\graph</Filter>
    </ClInclude>
    <ClInclude Include="triangle.h">
      <Filter>Header Files\math</Filter>
    </ClInclude>
    <ClInclude Include="EnumString.h">
      <Filter>Header Files\global</Filter>
    </ClInclude>
    <ClInclude Include="exceptionHandler.h">
      <Filter>Header Files\global</Filter>
    </ClInclude>
    <ClInclude Include="componentMacros.h">
      <Filter>Header Files\global</Filter>
    </ClInclude>
    <ClInclude Include="gridRegionLocator.h">
      <Filter>Header Files\grid</Filter>
    </ClInclude>
    <ClInclude Include="gridRegionConstructor.h">
      <Filter>Header Files\grid</Filter>
    </ClInclude>
    <ClInclude Include="simpleListExtension.h">
      <Filter>Header Files</Filter>
    </ClInclude>
  </ItemGroup>
  <ItemGroup>
    <ClCompile Include="simpleArray.cpp">
      <Filter>Source Files</Filter>
    </ClCompile>
    <ClCompile Include="simpleBST.cpp">
      <Filter>Source Files</Filter>
    </ClCompile>
    <ClCompile Include="simpleHash.cpp">
      <Filter>Source Files</Filter>
    </ClCompile>
    <ClCompile Include="simpleList.cpp">
      <Filter>Source Files</Filter>
    </ClCompile>
    <ClCompile Include="delaunayAlgorithm.cpp">
      <Filter>Source Files\graph</Filter>
    </ClCompile>
    <ClCompile Include="dijkstra.cpp">
      <Filter>Source Files\graph</Filter>
    </ClCompile>
    <ClCompile Include="graph.cpp">
      <Filter>Source Files\graph</Filter>
    </ClCompile>
    <ClCompile Include="graphAlgorithm.cpp">
      <Filter>Source Files\graph</Filter>
    </ClCompile>
    <ClCompile Include="graphEdgeCollection.cpp">
      <Filter>Source Files\graph</Filter>
    </ClCompile>
    <ClCompile Include="grid.cpp">
      <Filter>Source Files\grid</Filter>
    </ClCompile>
    <ClCompile Include="gridRegion.cpp">
      <Filter>Source Files\grid</Filter>
    </ClCompile>
    <ClCompile Include="primsAlgorithm.cpp">
      <Filter>Source Files\graph</Filter>
    </ClCompile>
    <ClCompile Include="gridRegionConstructor.cpp">
      <Filter>Source Files\grid</Filter>
    </ClCompile>
    <ClCompile Include="gridRegionLocator.cpp">
      <Filter>Source Files\grid</Filter>
    </ClCompile>
  </ItemGroup>
</Project>