<?xml version="1.0" encoding="utf-8"?>
<Project ToolsVersion="4.0" xmlns="http://schemas.microsoft.com/developer/msbuild/2003">
  <ItemGroup>
    <Filter Include="Source Files">
      <UniqueIdentifier>{4FC737F1-C7A5-4376-A066-2A32D752A2FF}</UniqueIdentifier>
      <Extensions>cpp;c;cc;cxx;c++;cppm;ixx;def;odl;idl;hpj;bat;asm;asmx</Extensions>
    </Filter>
    <Filter Include="Header Files">
      <UniqueIdentifier>{93995380-89BD-4b04-88EB-625FBE52EBFB}</UniqueIdentifier>
      <Extensions>h;hh;hpp;hxx;h++;hm;inl;inc;ipp;xsd</Extensions>
    </Filter>
    <Filter Include="Resource Files">
      <UniqueIdentifier>{67DA6AB6-F800-4c08-8B7A-83BB121AAD01}</UniqueIdentifier>
      <Extensions>rc;ico;cur;bmp;dlg;rc2;rct;bin;rgs;gif;jpg;jpeg;jpe;resx;tiff;tif;png;wav;mfcribbon-ms</Extensions>
    </Filter>
    <Filter Include="Header Files\backend">
      <UniqueIdentifier>{5ada263d-1c9f-4a45-9616-de3491f49f05}</UniqueIdentifier>
    </Filter>
    <Filter Include="Header Files\backend\processor">
      <UniqueIdentifier>{1a25359d-a96e-4c66-a1a8-8ad1fa84b25f}</UniqueIdentifier>
    </Filter>
    <Filter Include="Header Files\backend\controller">
      <UniqueIdentifier>{b90b1eb1-aae0-4b99-a787-0f9cd0599697}</UniqueIdentifier>
    </Filter>
    <Filter Include="Header Files\backend\generator">
      <UniqueIdentifier>{09ef548a-044f-4227-8706-0f97a0f082c5}</UniqueIdentifier>
    </Filter>
    <Filter Include="Header Files\frontend">
      <UniqueIdentifier>{a4ff17c9-6e65-4f3e-a119-7b291dd21a75}</UniqueIdentifier>
    </Filter>
    <Filter Include="Header Files\frontend\renderer">
      <UniqueIdentifier>{0dd620e7-e1bd-46ad-939d-d2a6e7ccfe10}</UniqueIdentifier>
    </Filter>
    <Filter Include="Header Files\frontend\opengl">
      <UniqueIdentifier>{b732ef1b-cbbb-449f-b6ca-1d7bc25d5db1}</UniqueIdentifier>
    </Filter>
    <Filter Include="Header Files\backend\model">
      <UniqueIdentifier>{87b38ca5-f6b7-4b61-8e0c-8f02ea02b258}</UniqueIdentifier>
    </Filter>
    <Filter Include="Header Files\backend\model\layout">
      <UniqueIdentifier>{dacca4eb-ea81-4b09-8674-cc98a9df6fd3}</UniqueIdentifier>
    </Filter>
    <Filter Include="Source Files\backend">
      <UniqueIdentifier>{76c3f37c-f040-4976-971f-dd79a3d39a34}</UniqueIdentifier>
    </Filter>
    <Filter Include="Source Files\frontend">
      <UniqueIdentifier>{f62ea149-e1fe-49ad-9116-cbdefaa29b1a}</UniqueIdentifier>
    </Filter>
    <Filter Include="Source Files\backend\model">
      <UniqueIdentifier>{c73fed91-5fa8-4d2b-ab8c-bc9ea4b22bbf}</UniqueIdentifier>
    </Filter>
    <Filter Include="Source Files\backend\model\layout">
      <UniqueIdentifier>{d2e157b9-f568-4569-80f8-e688014dadc0}</UniqueIdentifier>
    </Filter>
    <Filter Include="Source Files\backend\controller">
      <UniqueIdentifier>{128a7fda-b6d5-48aa-8085-f952f5d1d7ad}</UniqueIdentifier>
    </Filter>
    <Filter Include="Source Files\backend\generator">
      <UniqueIdentifier>{803ef6ce-b221-4dae-98fc-1a850e26b774}</UniqueIdentifier>
    </Filter>
    <Filter Include="Source Files\backend\processor">
      <UniqueIdentifier>{0ab7ec97-0650-48f2-a4df-f74da2c812d8}</UniqueIdentifier>
    </Filter>
    <Filter Include="Source Files\frontend\opengl">
      <UniqueIdentifier>{11bf4396-ffa8-4573-a7be-83d06de476ae}</UniqueIdentifier>
    </Filter>
    <Filter Include="Source Files\frontend\renderer">
      <UniqueIdentifier>{8539ee47-062f-4fba-9f14-acf1754e9266}</UniqueIdentifier>
    </Filter>
    <Filter Include="Header Files\backend\methods">
      <UniqueIdentifier>{19e8db3f-3028-4fc5-a766-0acc4a985a66}</UniqueIdentifier>
    </Filter>
    <Filter Include="Source Files\backend\model\machine">
      <UniqueIdentifier>{f8a5de6e-584a-4f1a-9a51-0910cf1775e8}</UniqueIdentifier>
    </Filter>
    <Filter Include="Header Files\backend\model\game">
      <UniqueIdentifier>{b4b497ca-87eb-4e86-8726-0915fbca2ca9}</UniqueIdentifier>
    </Filter>
    <Filter Include="Header Files\backend\model\io">
      <UniqueIdentifier>{d535729d-24d4-4195-a5c1-5f3aa2922602}</UniqueIdentifier>
    </Filter>
    <Filter Include="Header Files\backend\model\construction">
      <UniqueIdentifier>{4cf08ea0-1b5a-4aa1-bd85-35d32b4b2d85}</UniqueIdentifier>
    </Filter>
    <Filter Include="Source Files\backend\model\construction">
      <UniqueIdentifier>{0d09d2a0-9793-47dc-90a1-775429bc19e3}</UniqueIdentifier>
    </Filter>
    <Filter Include="Header Files\console">
      <UniqueIdentifier>{15f65e3e-9bc9-4e95-8b4a-717a8edd7943}</UniqueIdentifier>
    </Filter>
    <Filter Include="Source Files\console">
      <UniqueIdentifier>{15939b54-040a-4765-bb80-c9c6166b4686}</UniqueIdentifier>
    </Filter>
    <Filter Include="Header Files\backend\modelConstant">
      <UniqueIdentifier>{03af9654-3ceb-4669-bae7-524b19acd782}</UniqueIdentifier>
    </Filter>
    <Filter Include="Header Files\backend\model\gameTemplate">
      <UniqueIdentifier>{d5740300-4ce7-4c66-96b9-3bd63b86651d}</UniqueIdentifier>
    </Filter>
    <Filter Include="Header Files\global">
      <UniqueIdentifier>{521d8daf-d249-4afa-af4f-54259bf512b1}</UniqueIdentifier>
    </Filter>
    <Filter Include="Header Files\component">
      <UniqueIdentifier>{40a45b12-d99d-469f-bf31-009ce66f16a5}</UniqueIdentifier>
    </Filter>
    <Filter Include="Header Files\component\math">
      <UniqueIdentifier>{0140bb82-f2d8-4816-b663-87b4b909552c}</UniqueIdentifier>
    </Filter>
    <Filter Include="Header Files\unit-test">
      <UniqueIdentifier>{1f590ab0-d252-4222-bd33-0db49b360e64}</UniqueIdentifier>
    </Filter>
    <Filter Include="Source Files\unit-test">
      <UniqueIdentifier>{aed2c6b1-7399-461e-82ad-bb19186ee711}</UniqueIdentifier>
    </Filter>
  </ItemGroup>
  <ItemGroup>
    <ClCompile Include="brogue-hd.cpp">
      <Filter>Source Files</Filter>
    </ClCompile>
    <ClCompile Include="creature.cpp">
      <Filter>Source Files\backend\model</Filter>
    </ClCompile>
    <ClCompile Include="gameData.cpp">
      <Filter>Source Files\backend\model</Filter>
    </ClCompile>
    <ClCompile Include="item.cpp">
      <Filter>Source Files\backend\model</Filter>
    </ClCompile>
    <ClCompile Include="levelData.cpp">
      <Filter>Source Files\backend\model</Filter>
    </ClCompile>
    <ClCompile Include="playerCharacter.cpp">
      <Filter>Source Files\backend\model</Filter>
    </ClCompile>
    <ClCompile Include="lightSource.cpp">
      <Filter>Source Files\backend\model</Filter>
    </ClCompile>
    <ClCompile Include="flare.cpp">
      <Filter>Source Files\backend\model</Filter>
    </ClCompile>
    <ClCompile Include="brogueCell.cpp">
      <Filter>Source Files\backend\model\layout</Filter>
    </ClCompile>
    <ClCompile Include="machine.cpp">
      <Filter>Source Files\backend\model</Filter>
    </ClCompile>
    <ClCompile Include="brogueLevel.cpp">
      <Filter>Source Files\backend\model</Filter>
    </ClCompile>
    <ClCompile Include="brogueGame.cpp">
      <Filter>Source Files\backend\model</Filter>
    </ClCompile>
    <ClCompile Include="brogueMessageQueue.cpp">
      <Filter>Source Files\backend\model</Filter>
    </ClCompile>
    <ClCompile Include="brogueView.cpp">
      <Filter>Source Files\backend\model</Filter>
    </ClCompile>
    <ClCompile Include="gameController.cpp">
      <Filter>Source Files\backend\controller</Filter>
    </ClCompile>
    <ClCompile Include="layoutGenerator.cpp">
      <Filter>Source Files\backend\generator</Filter>
    </ClCompile>
    <ClCompile Include="playbackProcessor.cpp">
      <Filter>Source Files\backend\processor</Filter>
    </ClCompile>
    <ClCompile Include="randomGenerator.cpp">
      <Filter>Source Files\backend\generator</Filter>
    </ClCompile>
    <ClCompile Include="renderingController.cpp">
      <Filter>Source Files\backend\controller</Filter>
    </ClCompile>
    <ClCompile Include="levelRenderer.cpp">
      <Filter>Source Files\frontend\renderer</Filter>
    </ClCompile>
    <ClCompile Include="openglRenderer.cpp">
      <Filter>Source Files\frontend\opengl</Filter>
    </ClCompile>
    <ClCompile Include="keyProcessor.cpp">
      <Filter>Source Files\backend\processor</Filter>
    </ClCompile>
    <ClCompile Include="levelProcessor.cpp">
      <Filter>Source Files\backend\processor</Filter>
    </ClCompile>
    <ClCompile Include="contentGenerator.cpp">
      <Filter>Source Files\backend\generator</Filter>
    </ClCompile>
    <ClCompile Include="brogueRememberedCell.cpp">
      <Filter>Source Files\backend\model\layout</Filter>
    </ClCompile>
    <ClCompile Include="brogueMachine.cpp">
      <Filter>Source Files\backend\model</Filter>
    </ClCompile>
    <ClCompile Include="broguePlayer.cpp">
      <Filter>Source Files\backend\model</Filter>
    </ClCompile>
    <ClCompile Include="brogueObject.cpp">
      <Filter>Source Files\backend\model</Filter>
    </ClCompile>
    <ClCompile Include="brogueItem.cpp">
      <Filter>Source Files\backend\model</Filter>
    </ClCompile>
    <ClCompile Include="brogueContentGrid.cpp">
      <Filter>Source Files\backend\model</Filter>
    </ClCompile>
    <ClCompile Include="brogueCreature.cpp">
      <Filter>Source Files\backend\model</Filter>
    </ClCompile>
    <ClCompile Include="brogueCreatureHorde.cpp">
      <Filter>Source Files\backend\model</Filter>
    </ClCompile>
    <ClCompile Include="roomGenerator.cpp">
      <Filter>Source Files\backend\generator</Filter>
    </ClCompile>
    <ClCompile Include="brogueLayout.cpp">
      <Filter>Source Files\backend\model</Filter>
    </ClCompile>
    <ClCompile Include="terrainGenerator.cpp">
      <Filter>Source Files\backend\generator</Filter>
    </ClCompile>
    <ClCompile Include="brogueGameProfile.cpp">
      <Filter>Source Files\backend\model</Filter>
    </ClCompile>
    <ClCompile Include="brogueLevelProfile.cpp">
      <Filter>Source Files\backend\model</Filter>
    </ClCompile>
    <ClCompile Include="noiseGenerator.cpp">
      <Filter>Source Files\backend\generator</Filter>
    </ClCompile>
    <ClCompile Include="brogueConsole.cpp">
      <Filter>Source Files\console</Filter>
    </ClCompile>
    <ClCompile Include="developerConsole.cpp">
      <Filter>Source Files\console</Filter>
    </ClCompile>
    <ClCompile Include="resourceConsole.cpp">
      <Filter>Source Files\console</Filter>
    </ClCompile>
    <ClCompile Include="gameConsole.cpp">
      <Filter>Source Files\console</Filter>
    </ClCompile>
    <ClCompile Include="resourceController.cpp">
      <Filter>Source Files\backend\controller</Filter>
    </ClCompile>
    <ClCompile Include="brogueColorMap.cpp">
      <Filter>Source Files\backend\model</Filter>
    </ClCompile>
  </ItemGroup>
  <ItemGroup>
    <ClInclude Include="brogueCellDisplay.h">
      <Filter>Header Files\backend\model\layout</Filter>
    </ClInclude>
    <ClInclude Include="brogueItem.h">
      <Filter>Header Files\backend\model</Filter>
    </ClInclude>
    <ClInclude Include="brogueCell.h">
      <Filter>Header Files\backend\model\layout</Filter>
    </ClInclude>
    <ClInclude Include="brogueLevel.h">
      <Filter>Header Files\backend\model</Filter>
    </ClInclude>
    <ClInclude Include="gridCell.h">
      <Filter>Header Files\backend\model\layout</Filter>
    </ClInclude>
    <ClInclude Include="brogueGame.h">
      <Filter>Header Files\backend\model</Filter>
    </ClInclude>
    <ClInclude Include="brogueMessageQueue.h">
      <Filter>Header Files\backend\model</Filter>
    </ClInclude>
    <ClInclude Include="brogueView.h">
      <Filter>Header Files\backend\model</Filter>
    </ClInclude>
    <ClInclude Include="gameController.h">
      <Filter>Header Files\backend\controller</Filter>
    </ClInclude>
    <ClInclude Include="renderingController.h">
      <Filter>Header Files\backend\controller</Filter>
    </ClInclude>
    <ClInclude Include="playbackProcessor.h">
      <Filter>Header Files\backend\processor</Filter>
    </ClInclude>
    <ClInclude Include="randomGenerator.h">
      <Filter>Header Files\backend\generator</Filter>
    </ClInclude>
    <ClInclude Include="layoutGenerator.h">
      <Filter>Header Files\backend\generator</Filter>
    </ClInclude>
    <ClInclude Include="keyProcessor.h">
      <Filter>Header Files\backend\processor</Filter>
    </ClInclude>
    <ClInclude Include="levelRenderer.h">
      <Filter>Header Files\frontend\renderer</Filter>
    </ClInclude>
    <ClInclude Include="openglRenderer.h">
      <Filter>Header Files\frontend\opengl</Filter>
    </ClInclude>
    <ClInclude Include="levelProcessor.h">
      <Filter>Header Files\backend\processor</Filter>
    </ClInclude>
    <ClInclude Include="contentGenerator.h">
      <Filter>Header Files\backend\generator</Filter>
    </ClInclude>
    <ClInclude Include="brogueLevelMethods.h">
      <Filter>Header Files\backend\methods</Filter>
    </ClInclude>
    <ClInclude Include="brogueRememberedCell.h">
      <Filter>Header Files\backend\model\layout</Filter>
    </ClInclude>
    <ClInclude Include="brogueMachine.h">
      <Filter>Header Files\backend\model</Filter>
    </ClInclude>
    <ClInclude Include="blueprintDeclaration.h">
      <Filter>Header Files\backend\model\layout</Filter>
    </ClInclude>
    <ClInclude Include="linearGenerationParameters.h">
      <Filter>Header Files\backend\model\construction</Filter>
    </ClInclude>
    <ClInclude Include="floorTileType.h">
      <Filter>Header Files\backend\model\layout</Filter>
    </ClInclude>
    <ClInclude Include="broguePlayer.h">
      <Filter>Header Files\backend\model</Filter>
    </ClInclude>
    <ClInclude Include="brogueObject.h">
      <Filter>Header Files\backend\model</Filter>
    </ClInclude>
    <ClInclude Include="brogueContentGrid.h">
      <Filter>Header Files\backend\model</Filter>
    </ClInclude>
    <ClInclude Include="brogueCreature.h">
      <Filter>Header Files\backend\model</Filter>
    </ClInclude>
    <ClInclude Include="brogueCreatureHorde.h">
      <Filter>Header Files\backend\model</Filter>
    </ClInclude>
    <ClInclude Include="terrainDeclaration.h">
      <Filter>Header Files\backend\model\layout</Filter>
    </ClInclude>
    <ClInclude Include="button.h">
      <Filter>Header Files\frontend</Filter>
    </ClInclude>
    <ClInclude Include="color.h">
      <Filter>Header Files\backend\model\game</Filter>
    </ClInclude>
    <ClInclude Include="colorString.h">
      <Filter>Header Files\backend\model\game</Filter>
    </ClInclude>
    <ClInclude Include="dungeon.h">
      <Filter>Header Files\backend\model\game</Filter>
    </ClInclude>
    <ClInclude Include="feat.h">
      <Filter>Header Files\backend\model\game</Filter>
    </ClInclude>
    <ClInclude Include="broguefile.h">
      <Filter>Header Files\backend\model\io</Filter>
    </ClInclude>
    <ClInclude Include="fileio.h">
      <Filter>Header Files\backend\model\io</Filter>
    </ClInclude>
    <ClInclude Include="playbackData.h">
      <Filter>Header Files\backend\model\io</Filter>
    </ClInclude>
    <ClInclude Include="messageData.h">
      <Filter>Header Files\backend\model\game</Filter>
    </ClInclude>
    <ClInclude Include="powerTables.h">
      <Filter>Header Files\backend\model\game</Filter>
    </ClInclude>
    <ClInclude Include="roomGenerator.h">
      <Filter>Header Files\backend\generator</Filter>
    </ClInclude>
    <ClInclude Include="cellularAutomataParameters.h">
      <Filter>Header Files\backend\model\layout</Filter>
    </ClInclude>
    <ClInclude Include="brogueLayout.h">
      <Filter>Header Files\backend\model</Filter>
    </ClInclude>
    <ClInclude Include="terrainGenerator.h">
      <Filter>Header Files\backend\generator</Filter>
    </ClInclude>
    <ClInclude Include="brogueGameProfile.h">
      <Filter>Header Files\backend\model</Filter>
    </ClInclude>
    <ClInclude Include="brogueLevelProfile.h">
      <Filter>Header Files\backend\model</Filter>
    </ClInclude>
    <ClInclude Include="accretionTile.h">
      <Filter>Header Files\backend\model\layout</Filter>
    </ClInclude>
    <ClInclude Include="noiseGenerator.h">
      <Filter>Header Files\backend\generator</Filter>
    </ClInclude>
    <ClInclude Include="brogueRoom.h">
      <Filter>Header Files\backend\model</Filter>
    </ClInclude>
    <ClInclude Include="brogueConsole.h">
      <Filter>Header Files\console</Filter>
    </ClInclude>
    <ClInclude Include="developerConsole.h">
      <Filter>Header Files\console</Filter>
    </ClInclude>
    <ClInclude Include="resourceConsole.h">
      <Filter>Header Files\console</Filter>
    </ClInclude>
    <ClInclude Include="gameConsole.h">
      <Filter>Header Files\console</Filter>
    </ClInclude>
    <ClInclude Include="resourceController.h">
      <Filter>Header Files\backend\controller</Filter>
    </ClInclude>
    <ClInclude Include="brogueColorMap.h">
      <Filter>Header Files\backend\model</Filter>
    </ClInclude>
    <ClInclude Include="dungeonConstants.h">
      <Filter>Header Files\backend\modelConstant</Filter>
    </ClInclude>
    <ClInclude Include="colorConstants.h">
      <Filter>Header Files\backend\modelConstant</Filter>
    </ClInclude>
    <ClInclude Include="gameConstants.h">
      <Filter>Header Files\backend\modelConstant</Filter>
    </ClInclude>
    <ClInclude Include="creatureBehaviorConstants.h">
      <Filter>Header Files\backend\modelConstant</Filter>
    </ClInclude>
    <ClInclude Include="boltConstants.h">
      <Filter>Header Files\backend\modelConstant</Filter>
    </ClInclude>
    <ClInclude Include="creatureConstants.h">
      <Filter>Header Files\backend\modelConstant</Filter>
    </ClInclude>
    <ClInclude Include="dungeonFeatureConstants.h">
      <Filter>Header Files\backend\modelConstant</Filter>
    </ClInclude>
    <ClInclude Include="statusEffectConstants.h">
      <Filter>Header Files\backend\modelConstant</Filter>
    </ClInclude>
    <ClInclude Include="statusEffect.h">
      <Filter>Header Files\backend\model\game</Filter>
    </ClInclude>
    <ClInclude Include="dungeonFeature.h">
      <Filter>Header Files\backend\model\game</Filter>
    </ClInclude>
    <ClInclude Include="bolt.h">
      <Filter>Header Files\backend\model\game</Filter>
    </ClInclude>
    <ClInclude Include="creatureBehavior.h">
      <Filter>Header Files\backend\model\game</Filter>
    </ClInclude>
    <ClInclude Include="creatureBehaviorMap.h">
      <Filter>Header Files\backend\model\game</Filter>
    </ClInclude>
    <ClInclude Include="creature.h">
      <Filter>Header Files\backend\model\game</Filter>
    </ClInclude>
    <ClInclude Include="itemConstants.h">
      <Filter>Header Files\backend\modelConstant</Filter>
    </ClInclude>
    <ClInclude Include="dungeonTemplate.h">
      <Filter>Header Files\backend\model\gameTemplate</Filter>
    </ClInclude>
    <ClInclude Include="itemTemplate.h">
      <Filter>Header Files\backend\model\gameTemplate</Filter>
    </ClInclude>
    <ClInclude Include="item.h">
      <Filter>Header Files\backend\model\game</Filter>
    </ClInclude>
    <ClInclude Include="playerCharacter.h">
      <Filter>Header Files\backend\model\game</Filter>
    </ClInclude>
    <ClInclude Include="levelData.h">
      <Filter>Header Files\backend\model\game</Filter>
    </ClInclude>
    <ClInclude Include="gameData.h">
      <Filter>Header Files\backend\model\game</Filter>
    </ClInclude>
    <ClInclude Include="lightConstants.h">
      <Filter>Header Files\backend\modelConstant</Filter>
    </ClInclude>
    <ClInclude Include="light.h">
      <Filter>Header Files\backend\model\game</Filter>
    </ClInclude>
    <ClInclude Include="flare.h">
      <Filter>Header Files\backend\model\game</Filter>
    </ClInclude>
    <ClInclude Include="machineConstants.h">
      <Filter>Header Files\backend\modelConstant</Filter>
    </ClInclude>
    <ClInclude Include="machineTemplate.h">
      <Filter>Header Files\backend\model\gameTemplate</Filter>
    </ClInclude>
    <ClInclude Include="command.h">
      <Filter>Header Files\global</Filter>
    </ClInclude>
    <ClInclude Include="brogueGlobal.h">
      <Filter>Header Files\global</Filter>
    </ClInclude>
    <ClInclude Include="delaunayAlgorithm.h">
      <Filter>Header Files\component</Filter>
    </ClInclude>
    <ClInclude Include="dijkstra.h">
      <Filter>Header Files\component</Filter>
    </ClInclude>
    <ClInclude Include="graph.h">
      <Filter>Header Files\component</Filter>
    </ClInclude>
    <ClInclude Include="graphAlgorithm.h">
      <Filter>Header Files\component</Filter>
    </ClInclude>
    <ClInclude Include="graphDefinitions.h">
      <Filter>Header Files\component</Filter>
    </ClInclude>
    <ClInclude Include="graphEdge.h">
      <Filter>Header Files\component</Filter>
    </ClInclude>
    <ClInclude Include="graphEdgeCollection.h">
      <Filter>Header Files\component</Filter>
    </ClInclude>
    <ClInclude Include="graphNode.h">
      <Filter>Header Files\component</Filter>
    </ClInclude>
    <ClInclude Include="grid.h">
      <Filter>Header Files\component</Filter>
    </ClInclude>
    <ClInclude Include="gridDefinitions.h">
      <Filter>Header Files\component</Filter>
    </ClInclude>
    <ClInclude Include="gridLocator.h">
      <Filter>Header Files\component</Filter>
    </ClInclude>
    <ClInclude Include="gridLocatorEdge.h">
      <Filter>Header Files\component</Filter>
    </ClInclude>
    <ClInclude Include="gridRect.h">
      <Filter>Header Files\component</Filter>
    </ClInclude>
    <ClInclude Include="gridRegion.h">
      <Filter>Header Files\component</Filter>
    </ClInclude>
    <ClInclude Include="gridRegionConstructor.h">
      <Filter>Header Files\component</Filter>
    </ClInclude>
    <ClInclude Include="gridRegionLocator.h">
      <Filter>Header Files\component</Filter>
    </ClInclude>
    <ClInclude Include="simple.h">
      <Filter>Header Files\component</Filter>
    </ClInclude>
    <ClInclude Include="simpleArray.h">
      <Filter>Header Files\component</Filter>
    </ClInclude>
    <ClInclude Include="simpleBST.h">
      <Filter>Header Files\component</Filter>
    </ClInclude>
    <ClInclude Include="simpleHash.h">
      <Filter>Header Files\component</Filter>
    </ClInclude>
    <ClInclude Include="simpleList.h">
      <Filter>Header Files\component</Filter>
    </ClInclude>
    <ClInclude Include="simpleListExtension.h">
      <Filter>Header Files\component</Filter>
    </ClInclude>
    <ClInclude Include="typeConverter.h">
      <Filter>Header Files\component</Filter>
    </ClInclude>
    <ClInclude Include="componentMacros.h">
      <Filter>Header Files\global</Filter>
    </ClInclude>
    <ClInclude Include="brogueException.h">
      <Filter>Header Files\global</Filter>
    </ClInclude>
    <ClInclude Include="EnumString.h">
      <Filter>Header Files\global</Filter>
    </ClInclude>
    <ClInclude Include="triangle.h">
      <Filter>Header Files\component\math</Filter>
    </ClInclude>
    <ClInclude Include="mathPoint.h">
      <Filter>Header Files\component\math</Filter>
    </ClInclude>
    <ClInclude Include="mathVector.h">
      <Filter>Header Files\component\math</Filter>
    </ClInclude>
    <ClInclude Include="brogueMath.h">
      <Filter>Header Files\component\math</Filter>
    </ClInclude>
    <ClInclude Include="stringExtension.h">
      <Filter>Header Files\component</Filter>
    </ClInclude>
    <ClInclude Include="primsAlgorithm.h">
      <Filter>Header Files\component</Filter>
    </ClInclude>
    <ClInclude Include="randomRange.h">
      <Filter>Header Files\component\math</Filter>
    </ClInclude>
    <ClInclude Include="hashExtension.h">
      <Filter>Header Files\global</Filter>
    </ClInclude>
    <ClInclude Include="simpleArrayExtension.h">
      <Filter>Header Files\component</Filter>
    </ClInclude>
    <ClInclude Include="simpleComponentTests.h">
      <Filter>Header Files\unit-test</Filter>
    </ClInclude>
    <ClInclude Include="brogueTestPackage.h">
      <Filter>Header Files\unit-test</Filter>
    </ClInclude>
    <ClInclude Include="simpleArrayTests.h">
      <Filter>Header Files\unit-test</Filter>
    </ClInclude>
    <ClInclude Include="brogueLogger.h">
      <Filter>Header Files\global</Filter>
    </ClInclude>
    <ClInclude Include="simpleHashTests.h">
      <Filter>Header Files\unit-test</Filter>
    </ClInclude>
  </ItemGroup>
  <ItemGroup>
    <None Include="..\resources\colors.csv">
      <Filter>Resource Files</Filter>
    </None>
    <None Include="..\resources\creature.csv">
      <Filter>Resource Files</Filter>
    </None>
    <None Include="..\resources\creatureClass.csv">
      <Filter>Resource Files</Filter>
    </None>
    <None Include="..\resources\horde.csv">
      <Filter>Resource Files</Filter>
    </None>
    <None Include="..\resources\mutation.csv">
      <Filter>Resource Files</Filter>
    </None>
    <None Include="..\resources\machineGenerator.csv">
      <Filter>Resource Files</Filter>
    </None>
    <None Include="..\resources\floorTileType.csv">
      <Filter>Resource Files</Filter>
    </None>
    <None Include="..\resources\dungeonFeature.csv">
      <Filter>Resource Files</Filter>
    </None>
    <None Include="..\resources\light.csv">
      <Filter>Resource Files</Filter>
    </None>
    <None Include="..\resources\creatureWords.csv">
      <Filter>Resource Files</Filter>
    </None>
    <None Include="..\resources\feat.csv">
      <Filter>Resource Files</Filter>
    </None>
    <None Include="..\resources\itemColors.csv">
      <Filter>Resource Files</Filter>
    </None>
    <None Include="..\resources\itemGems.csv">
      <Filter>Resource Files</Filter>
    </None>
    <None Include="..\resources\itemMetals.csv">
      <Filter>Resource Files</Filter>
    </None>
    <None Include="..\resources\itemWoods.csv">
      <Filter>Resource Files</Filter>
    </None>
    <None Include="..\resources\armor.csv">
      <Filter>Resource Files</Filter>
    </None>
    <None Include="..\resources\armorRunicNames.csv">
      <Filter>Resource Files</Filter>
    </None>
    <None Include="..\resources\bolt.csv">
      <Filter>Resource Files</Filter>
    </None>
    <None Include="..\resources\charms.csv">
      <Filter>Resource Files</Filter>
    </None>
    <None Include="..\resources\creatureBehaviorDescription.csv">
      <Filter>Resource Files</Filter>
    </None>
    <None Include="..\resources\food.csv">
      <Filter>Resource Files</Filter>
    </None>
    <None Include="..\resources\keys.csv">
      <Filter>Resource Files</Filter>
    </None>
    <None Include="..\resources\potions.csv">
      <Filter>Resource Files</Filter>
    </None>
    <None Include="..\resources\rings.csv">
      <Filter>Resource Files</Filter>
    </None>
    <None Include="..\resources\scrolls.csv">
      <Filter>Resource Files</Filter>
    </None>
    <None Include="..\resources\staves.csv">
      <Filter>Resource Files</Filter>
    </None>
    <None Include="..\resources\titlePhonemes.csv">
      <Filter>Resource Files</Filter>
    </None>
    <None Include="..\resources\wands.csv">
      <Filter>Resource Files</Filter>
    </None>
    <None Include="..\resources\weaponRunicNames.csv">
      <Filter>Resource Files</Filter>
    </None>
    <None Include="..\resources\weapons.csv">
      <Filter>Resource Files</Filter>
    </None>
    <None Include="..\resources\blueprint.csv">
      <Filter>Resource Files</Filter>
    </None>
    <None Include="..\resources\features.csv">
      <Filter>Resource Files</Filter>
    </None>
  </ItemGroup>
</Project>