<?xml version="1.0" encoding="utf-8"?>
<Project ToolsVersion="4.0" xmlns="http://schemas.microsoft.com/developer/msbuild/2003">
  <ItemGroup>
    <Filter Include="Source Files">
      <UniqueIdentifier>{4FC737F1-C7A5-4376-A066-2A32D752A2FF}</UniqueIdentifier>
      <Extensions>cpp;c;cc;cxx;c++;cppm;ixx;def;odl;idl;hpj;bat;asm;asmx</Extensions>
    </Filter>
    <Filter Include="Header Files">
      <UniqueIdentifier>{93995380-89BD-4b04-88EB-625FBE52EBFB}</UniqueIdentifier>
      <Extensions>h;hh;hpp;hxx;h++;hm;inl;inc;ipp;xsd</Extensions>
    </Filter>
    <Filter Include="Resource Files">
      <UniqueIdentifier>{67DA6AB6-F800-4c08-8B7A-83BB121AAD01}</UniqueIdentifier>
      <Extensions>rc;ico;cur;bmp;dlg;rc2;rct;bin;rgs;gif;jpg;jpeg;jpe;resx;tiff;tif;png;wav;mfcribbon-ms</Extensions>
    </Filter>
    <Filter Include="Header Files\backend">
      <UniqueIdentifier>{5ada263d-1c9f-4a45-9616-de3491f49f05}</UniqueIdentifier>
    </Filter>
    <Filter Include="Header Files\backend\processor">
      <UniqueIdentifier>{1a25359d-a96e-4c66-a1a8-8ad1fa84b25f}</UniqueIdentifier>
    </Filter>
    <Filter Include="Header Files\backend\controller">
      <UniqueIdentifier>{b90b1eb1-aae0-4b99-a787-0f9cd0599697}</UniqueIdentifier>
    </Filter>
    <Filter Include="Header Files\backend\generator">
      <UniqueIdentifier>{09ef548a-044f-4227-8706-0f97a0f082c5}</UniqueIdentifier>
    </Filter>
    <Filter Include="Header Files\frontend">
      <UniqueIdentifier>{a4ff17c9-6e65-4f3e-a119-7b291dd21a75}</UniqueIdentifier>
    </Filter>
    <Filter Include="Header Files\frontend\renderer">
      <UniqueIdentifier>{0dd620e7-e1bd-46ad-939d-d2a6e7ccfe10}</UniqueIdentifier>
    </Filter>
    <Filter Include="Header Files\frontend\opengl">
      <UniqueIdentifier>{b732ef1b-cbbb-449f-b6ca-1d7bc25d5db1}</UniqueIdentifier>
    </Filter>
    <Filter Include="Header Files\backend\model">
      <UniqueIdentifier>{87b38ca5-f6b7-4b61-8e0c-8f02ea02b258}</UniqueIdentifier>
    </Filter>
    <Filter Include="Header Files\backend\model\layout">
      <UniqueIdentifier>{dacca4eb-ea81-4b09-8674-cc98a9df6fd3}</UniqueIdentifier>
    </Filter>
    <Filter Include="Header Files\backend\methods">
      <UniqueIdentifier>{19e8db3f-3028-4fc5-a766-0acc4a985a66}</UniqueIdentifier>
    </Filter>
    <Filter Include="Header Files\backend\model\game">
      <UniqueIdentifier>{b4b497ca-87eb-4e86-8726-0915fbca2ca9}</UniqueIdentifier>
    </Filter>
    <Filter Include="Header Files\backend\model\io">
      <UniqueIdentifier>{d535729d-24d4-4195-a5c1-5f3aa2922602}</UniqueIdentifier>
    </Filter>
    <Filter Include="Header Files\backend\model\construction">
      <UniqueIdentifier>{4cf08ea0-1b5a-4aa1-bd85-35d32b4b2d85}</UniqueIdentifier>
    </Filter>
    <Filter Include="Header Files\console">
      <UniqueIdentifier>{15f65e3e-9bc9-4e95-8b4a-717a8edd7943}</UniqueIdentifier>
    </Filter>
    <Filter Include="Header Files\backend\modelConstant">
      <UniqueIdentifier>{03af9654-3ceb-4669-bae7-524b19acd782}</UniqueIdentifier>
    </Filter>
    <Filter Include="Header Files\backend\model\gameTemplate">
      <UniqueIdentifier>{d5740300-4ce7-4c66-96b9-3bd63b86651d}</UniqueIdentifier>
    </Filter>
    <Filter Include="Header Files\global">
      <UniqueIdentifier>{521d8daf-d249-4afa-af4f-54259bf512b1}</UniqueIdentifier>
    </Filter>
    <Filter Include="Header Files\component">
      <UniqueIdentifier>{40a45b12-d99d-469f-bf31-009ce66f16a5}</UniqueIdentifier>
    </Filter>
    <Filter Include="Header Files\unit-test">
      <UniqueIdentifier>{1f590ab0-d252-4222-bd33-0db49b360e64}</UniqueIdentifier>
    </Filter>
    <Filter Include="Header Files\frontend\ui">
      <UniqueIdentifier>{d58c08d5-7216-4bfc-be43-301d5bc1744b}</UniqueIdentifier>
    </Filter>
    <Filter Include="Header Files\vendor">
      <UniqueIdentifier>{613dfa8c-5563-49ce-8cb7-05bd6e3ef94a}</UniqueIdentifier>
    </Filter>
    <Filter Include="Source Files\vendor">
      <UniqueIdentifier>{b2a62e31-8d2a-40ba-8995-bf6a92c350f9}</UniqueIdentifier>
    </Filter>
    <Filter Include="Resource Files\opengl">
      <UniqueIdentifier>{b6bf1ddb-ecb5-4505-8e1e-ca3a5722f3b1}</UniqueIdentifier>
    </Filter>
    <Filter Include="Resource Files\model">
      <UniqueIdentifier>{98d455ff-7ca8-4858-8854-a2055c70503f}</UniqueIdentifier>
    </Filter>
    <Filter Include="Header Files\simple">
      <UniqueIdentifier>{27876192-d83a-47bf-a2c2-07eeb972ed3c}</UniqueIdentifier>
    </Filter>
    <Filter Include="Resource Files\opengl\brogueFlameMenu">
      <UniqueIdentifier>{7906081a-6a2a-4d0b-b850-d6365885aa6a}</UniqueIdentifier>
    </Filter>
    <Filter Include="Header Files\vendor\glad">
      <UniqueIdentifier>{a827b833-d13a-4a84-af33-2d5c692ec556}</UniqueIdentifier>
    </Filter>
    <Filter Include="Source Files\vendor\glad">
      <UniqueIdentifier>{221d9d1f-975e-4d00-8d54-1d15672c0ffc}</UniqueIdentifier>
    </Filter>
    <Filter Include="Resource Files\fonts">
      <UniqueIdentifier>{b31fb0b6-fb36-4708-8e1b-d1bd2719bde9}</UniqueIdentifier>
    </Filter>
    <Filter Include="Header Files\frontend\opengl\program">
      <UniqueIdentifier>{01a23ab6-f2ad-4a28-ae52-8a218a5a9f3d}</UniqueIdentifier>
    </Filter>
    <Filter Include="Header Files\frontend\opengl\streamObjects">
      <UniqueIdentifier>{9f9496fd-d86e-46ef-9f09-5ca04c15e747}</UniqueIdentifier>
    </Filter>
  </ItemGroup>
  <ItemGroup>
    <ClCompile Include="brogue-hd.cpp">
      <Filter>Source Files</Filter>
    </ClCompile>
    <ClCompile Include="gl.c">
      <Filter>Source Files\vendor\glad</Filter>
    </ClCompile>
  </ItemGroup>
  <ItemGroup>
    <ClInclude Include="brogueCellDisplay.h">
      <Filter>Header Files\backend\model\layout</Filter>
    </ClInclude>
    <ClInclude Include="brogueItem.h">
      <Filter>Header Files\backend\model</Filter>
    </ClInclude>
    <ClInclude Include="brogueCell.h">
      <Filter>Header Files\backend\model\layout</Filter>
    </ClInclude>
    <ClInclude Include="brogueLevel.h">
      <Filter>Header Files\backend\model</Filter>
    </ClInclude>
    <ClInclude Include="gridCell.h">
      <Filter>Header Files\backend\model\layout</Filter>
    </ClInclude>
    <ClInclude Include="brogueGame.h">
      <Filter>Header Files\backend\model</Filter>
    </ClInclude>
    <ClInclude Include="brogueMessageQueue.h">
      <Filter>Header Files\backend\model</Filter>
    </ClInclude>
    <ClInclude Include="gameController.h">
      <Filter>Header Files\backend\controller</Filter>
    </ClInclude>
    <ClInclude Include="renderingController.h">
      <Filter>Header Files\backend\controller</Filter>
    </ClInclude>
    <ClInclude Include="playbackProcessor.h">
      <Filter>Header Files\backend\processor</Filter>
    </ClInclude>
    <ClInclude Include="randomGenerator.h">
      <Filter>Header Files\backend\generator</Filter>
    </ClInclude>
    <ClInclude Include="layoutGenerator.h">
      <Filter>Header Files\backend\generator</Filter>
    </ClInclude>
    <ClInclude Include="keyProcessor.h">
      <Filter>Header Files\backend\processor</Filter>
    </ClInclude>
    <ClInclude Include="levelRenderer.h">
      <Filter>Header Files\frontend\renderer</Filter>
    </ClInclude>
    <ClInclude Include="openglRenderer.h">
      <Filter>Header Files\frontend\opengl</Filter>
    </ClInclude>
    <ClInclude Include="levelProcessor.h">
      <Filter>Header Files\backend\processor</Filter>
    </ClInclude>
    <ClInclude Include="contentGenerator.h">
      <Filter>Header Files\backend\generator</Filter>
    </ClInclude>
    <ClInclude Include="brogueLevelMethods.h">
      <Filter>Header Files\backend\methods</Filter>
    </ClInclude>
    <ClInclude Include="brogueRememberedCell.h">
      <Filter>Header Files\backend\model\layout</Filter>
    </ClInclude>
    <ClInclude Include="brogueMachine.h">
      <Filter>Header Files\backend\model</Filter>
    </ClInclude>
    <ClInclude Include="blueprintDeclaration.h">
      <Filter>Header Files\backend\model\layout</Filter>
    </ClInclude>
    <ClInclude Include="linearGenerationParameters.h">
      <Filter>Header Files\backend\model\construction</Filter>
    </ClInclude>
    <ClInclude Include="floorTileType.h">
      <Filter>Header Files\backend\model\layout</Filter>
    </ClInclude>
    <ClInclude Include="broguePlayer.h">
      <Filter>Header Files\backend\model</Filter>
    </ClInclude>
    <ClInclude Include="brogueObject.h">
      <Filter>Header Files\backend\model</Filter>
    </ClInclude>
    <ClInclude Include="brogueContentGrid.h">
      <Filter>Header Files\backend\model</Filter>
    </ClInclude>
    <ClInclude Include="brogueCreature.h">
      <Filter>Header Files\backend\model</Filter>
    </ClInclude>
    <ClInclude Include="brogueCreatureHorde.h">
      <Filter>Header Files\backend\model</Filter>
    </ClInclude>
    <ClInclude Include="terrainDeclaration.h">
      <Filter>Header Files\backend\model\layout</Filter>
    </ClInclude>
    <ClInclude Include="color.h">
      <Filter>Header Files\backend\model\game</Filter>
    </ClInclude>
    <ClInclude Include="colorString.h">
      <Filter>Header Files\backend\model\game</Filter>
    </ClInclude>
    <ClInclude Include="dungeon.h">
      <Filter>Header Files\backend\model\game</Filter>
    </ClInclude>
    <ClInclude Include="feat.h">
      <Filter>Header Files\backend\model\game</Filter>
    </ClInclude>
    <ClInclude Include="broguefile.h">
      <Filter>Header Files\backend\model\io</Filter>
    </ClInclude>
    <ClInclude Include="fileio.h">
      <Filter>Header Files\backend\model\io</Filter>
    </ClInclude>
    <ClInclude Include="playbackData.h">
      <Filter>Header Files\backend\model\io</Filter>
    </ClInclude>
    <ClInclude Include="messageData.h">
      <Filter>Header Files\backend\model\game</Filter>
    </ClInclude>
    <ClInclude Include="powerTables.h">
      <Filter>Header Files\backend\model\game</Filter>
    </ClInclude>
    <ClInclude Include="roomGenerator.h">
      <Filter>Header Files\backend\generator</Filter>
    </ClInclude>
    <ClInclude Include="cellularAutomataParameters.h">
      <Filter>Header Files\backend\model\layout</Filter>
    </ClInclude>
    <ClInclude Include="brogueLayout.h">
      <Filter>Header Files\backend\model</Filter>
    </ClInclude>
    <ClInclude Include="terrainGenerator.h">
      <Filter>Header Files\backend\generator</Filter>
    </ClInclude>
    <ClInclude Include="brogueGameProfile.h">
      <Filter>Header Files\backend\model</Filter>
    </ClInclude>
    <ClInclude Include="brogueLevelProfile.h">
      <Filter>Header Files\backend\model</Filter>
    </ClInclude>
    <ClInclude Include="accretionTile.h">
      <Filter>Header Files\backend\model\layout</Filter>
    </ClInclude>
    <ClInclude Include="noiseGenerator.h">
      <Filter>Header Files\backend\generator</Filter>
    </ClInclude>
    <ClInclude Include="brogueRoom.h">
      <Filter>Header Files\backend\model</Filter>
    </ClInclude>
    <ClInclude Include="brogueConsole.h">
      <Filter>Header Files\console</Filter>
    </ClInclude>
    <ClInclude Include="developerConsole.h">
      <Filter>Header Files\console</Filter>
    </ClInclude>
    <ClInclude Include="resourceConsole.h">
      <Filter>Header Files\console</Filter>
    </ClInclude>
    <ClInclude Include="gameConsole.h">
      <Filter>Header Files\console</Filter>
    </ClInclude>
    <ClInclude Include="resourceController.h">
      <Filter>Header Files\backend\controller</Filter>
    </ClInclude>
    <ClInclude Include="brogueColorMap.h">
      <Filter>Header Files\backend\model</Filter>
    </ClInclude>
    <ClInclude Include="dungeonConstants.h">
      <Filter>Header Files\backend\modelConstant</Filter>
    </ClInclude>
    <ClInclude Include="colorConstants.h">
      <Filter>Header Files\backend\modelConstant</Filter>
    </ClInclude>
    <ClInclude Include="gameConstants.h">
      <Filter>Header Files\backend\modelConstant</Filter>
    </ClInclude>
    <ClInclude Include="creatureBehaviorConstants.h">
      <Filter>Header Files\backend\modelConstant</Filter>
    </ClInclude>
    <ClInclude Include="boltConstants.h">
      <Filter>Header Files\backend\modelConstant</Filter>
    </ClInclude>
    <ClInclude Include="creatureConstants.h">
      <Filter>Header Files\backend\modelConstant</Filter>
    </ClInclude>
    <ClInclude Include="dungeonFeatureConstants.h">
      <Filter>Header Files\backend\modelConstant</Filter>
    </ClInclude>
    <ClInclude Include="statusEffectConstants.h">
      <Filter>Header Files\backend\modelConstant</Filter>
    </ClInclude>
    <ClInclude Include="statusEffect.h">
      <Filter>Header Files\backend\model\game</Filter>
    </ClInclude>
    <ClInclude Include="dungeonFeature.h">
      <Filter>Header Files\backend\model\game</Filter>
    </ClInclude>
    <ClInclude Include="bolt.h">
      <Filter>Header Files\backend\model\game</Filter>
    </ClInclude>
    <ClInclude Include="creatureBehavior.h">
      <Filter>Header Files\backend\model\game</Filter>
    </ClInclude>
    <ClInclude Include="creatureBehaviorMap.h">
      <Filter>Header Files\backend\model\game</Filter>
    </ClInclude>
    <ClInclude Include="creature.h">
      <Filter>Header Files\backend\model\game</Filter>
    </ClInclude>
    <ClInclude Include="itemConstants.h">
      <Filter>Header Files\backend\modelConstant</Filter>
    </ClInclude>
    <ClInclude Include="dungeonTemplate.h">
      <Filter>Header Files\backend\model\gameTemplate</Filter>
    </ClInclude>
    <ClInclude Include="itemTemplate.h">
      <Filter>Header Files\backend\model\gameTemplate</Filter>
    </ClInclude>
    <ClInclude Include="item.h">
      <Filter>Header Files\backend\model\game</Filter>
    </ClInclude>
    <ClInclude Include="playerCharacter.h">
      <Filter>Header Files\backend\model\game</Filter>
    </ClInclude>
    <ClInclude Include="levelData.h">
      <Filter>Header Files\backend\model\game</Filter>
    </ClInclude>
    <ClInclude Include="gameData.h">
      <Filter>Header Files\backend\model\game</Filter>
    </ClInclude>
    <ClInclude Include="lightConstants.h">
      <Filter>Header Files\backend\modelConstant</Filter>
    </ClInclude>
    <ClInclude Include="light.h">
      <Filter>Header Files\backend\model\game</Filter>
    </ClInclude>
    <ClInclude Include="flare.h">
      <Filter>Header Files\backend\model\game</Filter>
    </ClInclude>
    <ClInclude Include="machineConstants.h">
      <Filter>Header Files\backend\modelConstant</Filter>
    </ClInclude>
    <ClInclude Include="machineTemplate.h">
      <Filter>Header Files\backend\model\gameTemplate</Filter>
    </ClInclude>
    <ClInclude Include="brogueGlobal.h">
      <Filter>Header Files\global</Filter>
    </ClInclude>
    <ClInclude Include="delaunayAlgorithm.h">
      <Filter>Header Files\component</Filter>
    </ClInclude>
    <ClInclude Include="dijkstra.h">
      <Filter>Header Files\component</Filter>
    </ClInclude>
    <ClInclude Include="graph.h">
      <Filter>Header Files\component</Filter>
    </ClInclude>
    <ClInclude Include="graphAlgorithm.h">
      <Filter>Header Files\component</Filter>
    </ClInclude>
    <ClInclude Include="graphDefinitions.h">
      <Filter>Header Files\component</Filter>
    </ClInclude>
    <ClInclude Include="graphEdge.h">
      <Filter>Header Files\component</Filter>
    </ClInclude>
    <ClInclude Include="graphEdgeCollection.h">
      <Filter>Header Files\component</Filter>
    </ClInclude>
    <ClInclude Include="graphNode.h">
      <Filter>Header Files\component</Filter>
    </ClInclude>
    <ClInclude Include="grid.h">
      <Filter>Header Files\component</Filter>
    </ClInclude>
    <ClInclude Include="gridDefinitions.h">
      <Filter>Header Files\component</Filter>
    </ClInclude>
    <ClInclude Include="gridLocator.h">
      <Filter>Header Files\component</Filter>
    </ClInclude>
    <ClInclude Include="gridLocatorEdge.h">
      <Filter>Header Files\component</Filter>
    </ClInclude>
    <ClInclude Include="gridRect.h">
      <Filter>Header Files\component</Filter>
    </ClInclude>
    <ClInclude Include="gridRegion.h">
      <Filter>Header Files\component</Filter>
    </ClInclude>
    <ClInclude Include="gridRegionConstructor.h">
      <Filter>Header Files\component</Filter>
    </ClInclude>
    <ClInclude Include="gridRegionLocator.h">
      <Filter>Header Files\component</Filter>
    </ClInclude>
    <ClInclude Include="primsAlgorithm.h">
      <Filter>Header Files\component</Filter>
    </ClInclude>
    <ClInclude Include="simpleComponentTests.h">
      <Filter>Header Files\unit-test</Filter>
    </ClInclude>
    <ClInclude Include="brogueTestPackage.h">
      <Filter>Header Files\unit-test</Filter>
    </ClInclude>
    <ClInclude Include="simpleArrayTests.h">
      <Filter>Header Files\unit-test</Filter>
    </ClInclude>
    <ClInclude Include="simpleHashTests.h">
      <Filter>Header Files\unit-test</Filter>
    </ClInclude>
    <ClInclude Include="brogueFlameMenu.h">
      <Filter>Header Files\frontend\ui</Filter>
    </ClInclude>
    <ClInclude Include="brogueView.h">
      <Filter>Header Files\frontend\ui</Filter>
    </ClInclude>
    <ClInclude Include="simple.h">
      <Filter>Header Files\simple</Filter>
    </ClInclude>
    <ClInclude Include="simpleArray.h">
      <Filter>Header Files\simple</Filter>
    </ClInclude>
    <ClInclude Include="simpleBST.h">
      <Filter>Header Files\simple</Filter>
    </ClInclude>
    <ClInclude Include="simpleHash.h">
      <Filter>Header Files\simple</Filter>
    </ClInclude>
    <ClInclude Include="simpleList.h">
      <Filter>Header Files\simple</Filter>
    </ClInclude>
    <ClInclude Include="simpleListExtension.h">
      <Filter>Header Files\simple</Filter>
    </ClInclude>
    <ClInclude Include="simpleString.h">
      <Filter>Header Files\simple</Filter>
    </ClInclude>
    <ClInclude Include="simpleMath.h">
      <Filter>Header Files\simple</Filter>
    </ClInclude>
    <ClInclude Include="simplePoint.h">
      <Filter>Header Files\simple</Filter>
    </ClInclude>
    <ClInclude Include="simpleVector.h">
      <Filter>Header Files\simple</Filter>
    </ClInclude>
    <ClInclude Include="simpleTriangle.h">
      <Filter>Header Files\simple</Filter>
    </ClInclude>
    <ClInclude Include="simpleException.h">
      <Filter>Header Files\simple</Filter>
    </ClInclude>
    <ClInclude Include="simpleLogger.h">
      <Filter>Header Files\simple</Filter>
    </ClInclude>
    <ClInclude Include="simpleEnumString.h">
      <Filter>Header Files\simple</Filter>
    </ClInclude>
    <ClInclude Include="brogueMacroDeclaration.h">
      <Filter>Header Files\global</Filter>
    </ClInclude>
    <ClInclude Include="simpleExt.h">
      <Filter>Header Files\simple</Filter>
    </ClInclude>
    <ClInclude Include="brogueTestFunction.h">
      <Filter>Header Files\unit-test</Filter>
    </ClInclude>
    <ClInclude Include="simpleQueue.h">
      <Filter>Header Files\simple</Filter>
    </ClInclude>
    <ClInclude Include="randomRange.h">
      <Filter>Header Files\backend\model\game</Filter>
    </ClInclude>
    <ClInclude Include="openglHelper.h">
      <Filter>Header Files\frontend\opengl</Filter>
    </ClInclude>
    <ClInclude Include="brogueButtonMenu.h">
      <Filter>Header Files\frontend\ui</Filter>
    </ClInclude>
    <ClInclude Include="brogueButton.h">
      <Filter>Header Files\frontend\ui</Filter>
    </ClInclude>
    <ClInclude Include="khrplatform.h">
      <Filter>Header Files\vendor\glad</Filter>
    </ClInclude>
    <ClInclude Include="gl.h">
      <Filter>Header Files\vendor\glad</Filter>
    </ClInclude>
    <ClInclude Include="json.hpp">
      <Filter>Header Files\vendor\glad</Filter>
    </ClInclude>
    <ClInclude Include="brogueGlyphMap.h">
      <Filter>Header Files\frontend\ui</Filter>
    </ClInclude>
    <ClInclude Include="simpleBitmap.h">
      <Filter>Header Files\simple</Filter>
    </ClInclude>
    <ClInclude Include="bitmap.h">
      <Filter>Header Files\global</Filter>
    </ClInclude>
    <ClInclude Include="simplePixel.h">
      <Filter>Header Files\simple</Filter>
    </ClInclude>
    <ClInclude Include="simpleMaskedInt32.h">
      <Filter>Header Files\simple</Filter>
    </ClInclude>
    <ClInclude Include="simplePixelFilter.h">
      <Filter>Header Files\simple</Filter>
    </ClInclude>
    <ClInclude Include="simpleBuffer.h">
      <Filter>Header Files\simple</Filter>
    </ClInclude>
    <ClInclude Include="brogueViewContainer.h">
      <Filter>Header Files\frontend\ui</Filter>
    </ClInclude>
    <ClInclude Include="simpleKeyState.h">
      <Filter>Header Files\frontend\opengl</Filter>
    </ClInclude>
    <ClInclude Include="simpleMouseState.h">
      <Filter>Header Files\frontend\opengl</Filter>
    </ClInclude>
    <ClInclude Include="brogueFlameMenuProgram.h">
      <Filter>Header Files\frontend\opengl\program</Filter>
    </ClInclude>
    <ClInclude Include="brogueProgramBuilder.h">
      <Filter>Header Files\frontend\opengl\program</Filter>
    </ClInclude>
    <ClInclude Include="brogueProgram.h">
      <Filter>Header Files\frontend\opengl\program</Filter>
    </ClInclude>
    <ClInclude Include="openglQuadConverter.h">
      <Filter>Header Files\frontend\opengl\program</Filter>
    </ClInclude>
    <ClInclude Include="simpleShaderProgram.h">
      <Filter>Header Files\frontend\opengl\program</Filter>
    </ClInclude>
    <ClInclude Include="simpleGlData.h">
      <Filter>Header Files\frontend\opengl\streamObjects</Filter>
    </ClInclude>
    <ClInclude Include="simpleGlObject.h">
      <Filter>Header Files\frontend\opengl\streamObjects</Filter>
    </ClInclude>
    <ClInclude Include="simpleShader.h">
      <Filter>Header Files\frontend\opengl\streamObjects</Filter>
    </ClInclude>
    <ClInclude Include="simpleTexture.h">
      <Filter>Header Files\frontend\opengl\streamObjects</Filter>
    </ClInclude>
    <ClInclude Include="simpleUniform.h">
      <Filter>Header Files\frontend\opengl\streamObjects</Filter>
    </ClInclude>
    <ClInclude Include="simpleVertexArray.h">
      <Filter>Header Files\frontend\opengl\streamObjects</Filter>
    </ClInclude>
    <ClInclude Include="simpleVertexAttribute.h">
      <Filter>Header Files\frontend\opengl\streamObjects</Filter>
    </ClInclude>
    <ClInclude Include="simpleVertexBuffer.h">
      <Filter>Header Files\frontend\opengl\streamObjects</Filter>
    </ClInclude>
    <ClInclude Include="simpleFrameBuffer.h">
      <Filter>Header Files\frontend\opengl\streamObjects</Filter>
    </ClInclude>
    <ClInclude Include="simpleDataStream.h">
      <Filter>Header Files\frontend\opengl\streamObjects</Filter>
    </ClInclude>
    <ClInclude Include="simpleBoundingBox.h">
      <Filter>Header Files\frontend\opengl\streamObjects</Filter>
    </ClInclude>
    <ClInclude Include="shaderData.h">
      <Filter>Header Files\frontend\opengl\streamObjects</Filter>
    </ClInclude>
    <ClInclude Include="brogueCellQuad.h">
      <Filter>Header Files\frontend\opengl\streamObjects</Filter>
    </ClInclude>
    <ClInclude Include="brogueColorQuad.h">
      <Filter>Header Files\frontend\opengl\streamObjects</Filter>
    </ClInclude>
    <ClInclude Include="brogueImageQuad.h">
      <Filter>Header Files\frontend\opengl\streamObjects</Filter>
    </ClInclude>
    <ClInclude Include="boudingBox2D.h">
      <Filter>Header Files\frontend\opengl\streamObjects</Filter>
    </ClInclude>
    <ClInclude Include="brogueCoordinateConverter.h">
      <Filter>Header Files\frontend\opengl\program</Filter>
    </ClInclude>
    <ClInclude Include="brogueViewProgram.h">
      <Filter>Header Files\frontend\opengl\program</Filter>
    </ClInclude>
    <ClInclude Include="simplePeriodCounter.h">
      <Filter>Header Files\frontend\opengl</Filter>
    </ClInclude>
    <ClInclude Include="brogueDataStream.h">
      <Filter>Header Files\frontend\opengl\program</Filter>
    </ClInclude>
    <ClInclude Include="brogueMouseState.h">
      <Filter>Header Files\frontend\opengl\program</Filter>
    </ClInclude>
    <ClInclude Include="brogueProgramContainer.h">
      <Filter>Header Files\frontend\opengl\program</Filter>
    </ClInclude>
    <ClInclude Include="brogueText.h">
      <Filter>Header Files\frontend\ui</Filter>
    </ClInclude>
    <ClInclude Include="brogueUIData.h">
      <Filter>Header Files\frontend\ui</Filter>
    </ClInclude>
    <ClInclude Include="brogueUIBuilder.h">
      <Filter>Header Files\frontend\ui</Filter>
    </ClInclude>
    <ClInclude Include="simpleFileEntry.h">
      <Filter>Header Files\simple</Filter>
    </ClInclude>
    <ClInclude Include="simpleFileIO.h">
      <Filter>Header Files\simple</Filter>
    </ClInclude>
    <ClInclude Include="colorGradient.h">
      <Filter>Header Files\backend\model\game</Filter>
    </ClInclude>
    <ClInclude Include="simpleDirectoryEntry.h">
      <Filter>Header Files\simple</Filter>
    </ClInclude>
    <ClInclude Include="simpleOpenGl.h">
      <Filter>Header Files\frontend\opengl</Filter>
    </ClInclude>
  </ItemGroup>
  <ItemGroup>
    <None Include="..\resources\model\armor.csv">
      <Filter>Resource Files\model</Filter>
    </None>
    <None Include="..\resources\model\armorRunicNames.csv">
      <Filter>Resource Files\model</Filter>
    </None>
    <None Include="..\resources\model\blueprint.csv">
      <Filter>Resource Files\model</Filter>
    </None>
    <None Include="..\resources\model\bolt.csv">
      <Filter>Resource Files\model</Filter>
    </None>
    <None Include="..\resources\model\charms.csv">
      <Filter>Resource Files\model</Filter>
    </None>
    <None Include="..\resources\model\colors.csv">
      <Filter>Resource Files\model</Filter>
    </None>
    <None Include="..\resources\model\creature.csv">
      <Filter>Resource Files\model</Filter>
    </None>
    <None Include="..\resources\model\creatureBehaviorDescription.csv">
      <Filter>Resource Files\model</Filter>
    </None>
    <None Include="..\resources\model\creatureClass.csv">
      <Filter>Resource Files\model</Filter>
    </None>
    <None Include="..\resources\model\creatureWords.csv">
      <Filter>Resource Files\model</Filter>
    </None>
    <None Include="..\resources\model\dungeonFeature.csv">
      <Filter>Resource Files\model</Filter>
    </None>
    <None Include="..\resources\model\feat.csv">
      <Filter>Resource Files\model</Filter>
    </None>
    <None Include="..\resources\model\features.csv">
      <Filter>Resource Files\model</Filter>
    </None>
    <None Include="..\resources\model\floorTileType.csv">
      <Filter>Resource Files\model</Filter>
    </None>
    <None Include="..\resources\model\food.csv">
      <Filter>Resource Files\model</Filter>
    </None>
    <None Include="..\resources\model\horde.csv">
      <Filter>Resource Files\model</Filter>
    </None>
    <None Include="..\resources\model\itemColors.csv">
      <Filter>Resource Files\model</Filter>
    </None>
    <None Include="..\resources\model\itemGems.csv">
      <Filter>Resource Files\model</Filter>
    </None>
    <None Include="..\resources\model\itemMetals.csv">
      <Filter>Resource Files\model</Filter>
    </None>
    <None Include="..\resources\model\itemWoods.csv">
      <Filter>Resource Files\model</Filter>
    </None>
    <None Include="..\resources\model\keys.csv">
      <Filter>Resource Files\model</Filter>
    </None>
    <None Include="..\resources\model\light.csv">
      <Filter>Resource Files\model</Filter>
    </None>
    <None Include="..\resources\model\machineGenerator.csv">
      <Filter>Resource Files\model</Filter>
    </None>
    <None Include="..\resources\model\mutation.csv">
      <Filter>Resource Files\model</Filter>
    </None>
    <None Include="..\resources\model\potions.csv">
      <Filter>Resource Files\model</Filter>
    </None>
    <None Include="..\resources\model\rings.csv">
      <Filter>Resource Files\model</Filter>
    </None>
    <None Include="..\resources\model\scrolls.csv">
      <Filter>Resource Files\model</Filter>
    </None>
    <None Include="..\resources\model\staves.csv">
      <Filter>Resource Files\model</Filter>
    </None>
    <None Include="..\resources\model\titlePhonemes.csv">
      <Filter>Resource Files\model</Filter>
    </None>
    <None Include="..\resources\model\wands.csv">
      <Filter>Resource Files\model</Filter>
    </None>
    <None Include="..\resources\model\weaponRunicNames.csv">
      <Filter>Resource Files\model</Filter>
    </None>
    <None Include="..\resources\model\weapons.csv">
      <Filter>Resource Files\model</Filter>
    </None>
    <None Include="..\resources\opengl\colorMask.frag">
      <Filter>Resource Files\opengl</Filter>
    </None>
    <None Include="..\resources\opengl\colorMask.vert">
      <Filter>Resource Files\opengl</Filter>
    </None>
    <None Include="..\resources\resource-config.json">
      <Filter>Resource Files</Filter>
    </None>
    <None Include="..\resources\opengl\diffuseColorUpward.vert">
      <Filter>Resource Files\opengl\brogueFlameMenu</Filter>
    </None>
    <None Include="..\resources\opengl\diffuseColorUpward.frag">
      <Filter>Resource Files\opengl\brogueFlameMenu</Filter>
    </None>
    <None Include="..\resources\opengl\mixFrameTextures.frag">
      <Filter>Resource Files\opengl\brogueFlameMenu</Filter>
    </None>
    <None Include="..\resources\opengl\mixFrameTextures.vert">
      <Filter>Resource Files\opengl\brogueFlameMenu</Filter>
    </None>
    <None Include="..\resources\opengl\backgroundColor.vert">
      <Filter>Resource Files\opengl</Filter>
    </None>
    <None Include="..\resources\opengl\backgroundColor.frag">
      <Filter>Resource Files\opengl</Filter>
    </None>
    <None Include="..\resources\opengl\brogueCellDisplay.frag">
      <Filter>Resource Files\opengl</Filter>
    </None>
    <None Include="..\resources\opengl\brogueCellDisplay.vert">
      <Filter>Resource Files\opengl</Filter>
    </None>
    <None Include="packages.config" />
  </ItemGroup>
  <ItemGroup>
    <Image Include="..\resources\fonts\font-1.bmp">
      <Filter>Resource Files\fonts</Filter>
    </Image>
    <Image Include="..\resources\fonts\font-2.bmp">
      <Filter>Resource Files\fonts</Filter>
    </Image>
    <Image Include="..\resources\fonts\font-3.bmp">
      <Filter>Resource Files\fonts</Filter>
    </Image>
    <Image Include="..\resources\fonts\font-4.bmp">
      <Filter>Resource Files\fonts</Filter>
    </Image>
    <Image Include="..\resources\fonts\font-5.bmp">
      <Filter>Resource Files\fonts</Filter>
    </Image>
    <Image Include="..\resources\fonts\font-6.bmp">
      <Filter>Resource Files\fonts</Filter>
    </Image>
    <Image Include="..\resources\fonts\font-7.bmp">
      <Filter>Resource Files\fonts</Filter>
    </Image>
    <Image Include="..\resources\fonts\font-8.bmp">
      <Filter>Resource Files\fonts</Filter>
    </Image>
    <Image Include="..\resources\fonts\font-9.bmp">
      <Filter>Resource Files\fonts</Filter>
    </Image>
    <Image Include="..\resources\fonts\font-10.bmp">
      <Filter>Resource Files\fonts</Filter>
    </Image>
    <Image Include="..\resources\fonts\font-11.bmp">
      <Filter>Resource Files\fonts</Filter>
    </Image>
    <Image Include="..\resources\fonts\font-12.bmp">
      <Filter>Resource Files\fonts</Filter>
    </Image>
    <Image Include="..\resources\fonts\font-13.bmp">
      <Filter>Resource Files\fonts</Filter>
    </Image>
  </ItemGroup>
</Project>